
Microsoft Visual Studio Solution File, Format Version 12.00
# Visual Studio 15
VisualStudioVersion = 15.0.26430.13
MinimumVisualStudioVersion = 10.0.40219.1
Project("{2150E333-8FDC-42A3-9474-1A3956D46DE8}") = "1. Infrastructure", "1. Infrastructure", "{68994F01-8220-4B7C-9AB8-14E137C44AE5}"
EndProject
Project("{2150E333-8FDC-42A3-9474-1A3956D46DE8}") = "2. Tests", "2. Tests", "{AB790991-CEB2-44A5-9C0C-A2D26DB86D41}"
EndProject
Project("{9A19103F-16F7-4668-BE54-9A1E7A4F7556}") = "Lykke.Job.Pay.ProcessRequests", "src\Lykke.Job.Pay.ProcessRequests\Lykke.Job.Pay.ProcessRequests.csproj", "{CCD9CE1A-C94D-4604-AC70-8F541CE62775}"
EndProject
Project("{9A19103F-16F7-4668-BE54-9A1E7A4F7556}") = "Lykke.Job.Pay.ProcessRequests.Tests", "tests\Lykke.Job.Pay.ProcessRequests.Tests\Lykke.Job.Pay.ProcessRequests.Tests.csproj", "{F0EB9FAE-2586-424B-87C8-D0CF8D837A73}"
EndProject
Project("{9A19103F-16F7-4668-BE54-9A1E7A4F7556}") = "Lykke.Job.Pay.ProcessRequests.Services", "src\Lykke.Job.Pay.ProcessRequests.Services\Lykke.Job.Pay.ProcessRequests.Services.csproj", "{1F212B92-B6F1-4860-97D9-5E3F84031C95}"
EndProject
Project("{9A19103F-16F7-4668-BE54-9A1E7A4F7556}") = "Lykke.Job.Pay.ProcessRequests.Core", "src\Lykke.Job.Pay.ProcessRequests.Core\Lykke.Job.Pay.ProcessRequests.Core.csproj", "{8EA32F8F-1032-4421-836D-7C20B5A299AD}"
EndProject
Global
	GlobalSection(SolutionConfigurationPlatforms) = preSolution
		Debug|Any CPU = Debug|Any CPU
		Release|Any CPU = Release|Any CPU
	EndGlobalSection
	GlobalSection(ProjectConfigurationPlatforms) = postSolution
		{CCD9CE1A-C94D-4604-AC70-8F541CE62775}.Debug|Any CPU.ActiveCfg = Debug|Any CPU
		{CCD9CE1A-C94D-4604-AC70-8F541CE62775}.Debug|Any CPU.Build.0 = Debug|Any CPU
		{CCD9CE1A-C94D-4604-AC70-8F541CE62775}.Release|Any CPU.ActiveCfg = Release|Any CPU
		{CCD9CE1A-C94D-4604-AC70-8F541CE62775}.Release|Any CPU.Build.0 = Release|Any CPU
		{F0EB9FAE-2586-424B-87C8-D0CF8D837A73}.Debug|Any CPU.ActiveCfg = Debug|Any CPU
		{F0EB9FAE-2586-424B-87C8-D0CF8D837A73}.Debug|Any CPU.Build.0 = Debug|Any CPU
		{F0EB9FAE-2586-424B-87C8-D0CF8D837A73}.Release|Any CPU.ActiveCfg = Release|Any CPU
		{F0EB9FAE-2586-424B-87C8-D0CF8D837A73}.Release|Any CPU.Build.0 = Release|Any CPU
		{1F212B92-B6F1-4860-97D9-5E3F84031C95}.Debug|Any CPU.ActiveCfg = Debug|Any CPU
		{1F212B92-B6F1-4860-97D9-5E3F84031C95}.Debug|Any CPU.Build.0 = Debug|Any CPU
		{1F212B92-B6F1-4860-97D9-5E3F84031C95}.Release|Any CPU.ActiveCfg = Release|Any CPU
		{1F212B92-B6F1-4860-97D9-5E3F84031C95}.Release|Any CPU.Build.0 = Release|Any CPU
		{8EA32F8F-1032-4421-836D-7C20B5A299AD}.Debug|Any CPU.ActiveCfg = Debug|Any CPU
		{8EA32F8F-1032-4421-836D-7C20B5A299AD}.Debug|Any CPU.Build.0 = Debug|Any CPU
		{8EA32F8F-1032-4421-836D-7C20B5A299AD}.Release|Any CPU.ActiveCfg = Release|Any CPU
		{8EA32F8F-1032-4421-836D-7C20B5A299AD}.Release|Any CPU.Build.0 = Release|Any CPU
	EndGlobalSection
	GlobalSection(SolutionProperties) = preSolution
		HideSolutionNode = FALSE
	EndGlobalSection
	GlobalSection(NestedProjects) = preSolution
		{F0EB9FAE-2586-424B-87C8-D0CF8D837A73} = {AB790991-CEB2-44A5-9C0C-A2D26DB86D41}
		{1F212B92-B6F1-4860-97D9-5E3F84031C95} = {68994F01-8220-4B7C-9AB8-14E137C44AE5}
		{8EA32F8F-1032-4421-836D-7C20B5A299AD} = {68994F01-8220-4B7C-9AB8-14E137C44AE5}
	EndGlobalSection
EndGlobal
